
Microsoft Visual Studio Solution File, Format Version 12.00
# Visual Studio Version 17
VisualStudioVersion = 17.13.35913.81 d17.13
MinimumVisualStudioVersion = 10.0.40219.1
Project("{FAE04EC0-301F-11D3-BF4B-00C04F79EFBC}") = "minimalApi", "minimalApi\minimalApi.csproj", "{8C2579E5-AEE7-4731-B463-550B0607E589}"
EndProject
Global
	GlobalSection(SolutionConfigurationPlatforms) = preSolution
		Debug|Any CPU = Debug|Any CPU
		Release|Any CPU = Release|Any CPU
	EndGlobalSection
	GlobalSection(ProjectConfigurationPlatforms) = postSolution
		{8C2579E5-AEE7-4731-B463-550B0607E589}.Debug|Any CPU.ActiveCfg = Debug|Any CPU
		{8C2579E5-AEE7-4731-B463-550B0607E589}.Debug|Any CPU.Build.0 = Debug|Any CPU
		{8C2579E5-AEE7-4731-B463-550B0607E589}.Release|Any CPU.ActiveCfg = Release|Any CPU
		{8C2579E5-AEE7-4731-B463-550B0607E589}.Release|Any CPU.Build.0 = Release|Any CPU
	EndGlobalSection
	GlobalSection(SolutionProperties) = preSolution
		HideSolutionNode = FALSE
	EndGlobalSection
	GlobalSection(ExtensibilityGlobals) = postSolution
		SolutionGuid = {F2343AE1-A941-4C6B-B379-CEDB73B11748}
	EndGlobalSection
EndGlobal
